
Microsoft Visual Studio Solution File, Format Version 12.00
# Visual Studio Version 16
VisualStudioVersion = 16.0.30611.23
MinimumVisualStudioVersion = 10.0.40219.1
Project("{FAE04EC0-301F-11D3-BF4B-00C04F79EFBC}") = "DegiskenlerFrm", "DegiskenlerFrm\DegiskenlerFrm.csproj", "{AD57BA9A-704E-408C-BF0F-CB0049A0CB75}"
EndProject
Global
	GlobalSection(SolutionConfigurationPlatforms) = preSolution
		Debug|Any CPU = Debug|Any CPU
		Release|Any CPU = Release|Any CPU
	EndGlobalSection
	GlobalSection(ProjectConfigurationPlatforms) = postSolution
		{AD57BA9A-704E-408C-BF0F-CB0049A0CB75}.Debug|Any CPU.ActiveCfg = Debug|Any CPU
		{AD57BA9A-704E-408C-BF0F-CB0049A0CB75}.Debug|Any CPU.Build.0 = Debug|Any CPU
		{AD57BA9A-704E-408C-BF0F-CB0049A0CB75}.Release|Any CPU.ActiveCfg = Release|Any CPU
		{AD57BA9A-704E-408C-BF0F-CB0049A0CB75}.Release|Any CPU.Build.0 = Release|Any CPU
	EndGlobalSection
	GlobalSection(SolutionProperties) = preSolution
		HideSolutionNode = FALSE
	EndGlobalSection
	GlobalSection(ExtensibilityGlobals) = postSolution
		SolutionGuid = {F4025526-A702-4D9D-80A2-7F61154D3D9B}
	EndGlobalSection
EndGlobal
