
Microsoft Visual Studio Solution File, Format Version 12.00
# Visual Studio Version 16
VisualStudioVersion = 16.0.30611.23
MinimumVisualStudioVersion = 10.0.40219.1
Project("{FAE04EC0-301F-11D3-BF4B-00C04F79EFBC}") = "DegiskenlerFrm", "DegiskenlerFrm\DegiskenlerFrm.csproj", "{AD57BA9A-704E-408C-BF0F-CB0049A0CB75}"
EndProject
Project("{FAE04EC0-301F-11D3-BF4B-00C04F79EFBC}") = "ConsoleApp1", "ConsoleApp1\ConsoleApp1.csproj", "{65059AC7-47AC-4CF9-A290-4DC50279D8E0}"
EndProject
Project("{FAE04EC0-301F-11D3-BF4B-00C04F79EFBC}") = "TryCatchWindows", "TryCatchWindows\TryCatchWindows.csproj", "{2BF739CF-7BE7-46EF-8291-642480691B4F}"
EndProject
Project("{FAE04EC0-301F-11D3-BF4B-00C04F79EFBC}") = "TipDonusumleri", "ConsoleApp3\TipDonusumleri.csproj", "{00B9B55F-2541-4BD1-A7AE-77943C7D6E54}"
EndProject
Project("{FAE04EC0-301F-11D3-BF4B-00C04F79EFBC}") = "ifElse", "ifElse\ifElse.csproj", "{9D195705-53FB-4C6F-9995-A65F4E78786F}"
EndProject
Project("{FAE04EC0-301F-11D3-BF4B-00C04F79EFBC}") = "HorseRacing", "HourseRacing\HorseRacing.csproj", "{1D6A579D-58BF-4E2A-85BD-2939FC426AFD}"
EndProject
Project("{FAE04EC0-301F-11D3-BF4B-00C04F79EFBC}") = "Ternary", "Ternary\Ternary.csproj", "{4BC9E5CD-C1B5-4B9F-B114-A5BF15B6F68E}"
EndProject
Project("{FAE04EC0-301F-11D3-BF4B-00C04F79EFBC}") = "SwitchCase", "SwitchCase\SwitchCase.csproj", "{A59013BF-656B-4CB3-BD73-FC342847CDF4}"
EndProject
Project("{FAE04EC0-301F-11D3-BF4B-00C04F79EFBC}") = "Loop_For", "Loop_For\Loop_For.csproj", "{7F9858FC-24D7-4BC4-8449-ACA2D0634192}"
EndProject
Project("{FAE04EC0-301F-11D3-BF4B-00C04F79EFBC}") = "Diziler", "Diziler\Diziler.csproj", "{EA548F3C-F648-4A11-A093-229ED58F2528}"
EndProject
Project("{9A19103F-16F7-4668-BE54-9A1E7A4F7556}") = "Kutuphane", "Kutuphane\Kutuphane.csproj", "{4FB6AA37-2EF9-4407-8215-106537AC8ABA}"
EndProject
Project("{9A19103F-16F7-4668-BE54-9A1E7A4F7556}") = "coreConsole", "CoreConsole\coreConsole\coreConsole.csproj", "{66BBD8CF-A2B8-4E2F-A7A1-1861B4DA8189}"
EndProject
Project("{FAE04EC0-301F-11D3-BF4B-00C04F79EFBC}") = "Loop_While", "Loop_While\Loop_While.csproj", "{2BCA60BA-C48B-4B83-9AA1-77DABCCD3BA4}"
EndProject
Project("{FAE04EC0-301F-11D3-BF4B-00C04F79EFBC}") = "Loop_Lab", "Loop_Lab\Loop_Lab.csproj", "{BD668702-4875-4307-AE9C-F4BEE84D9119}"
EndProject
Project("{FAE04EC0-301F-11D3-BF4B-00C04F79EFBC}") = "Diziler_Loop", "Diziler_Loop\Diziler_Loop.csproj", "{10A253EB-573B-40F4-B082-5FB5C6D5846B}"
EndProject
Project("{FAE04EC0-301F-11D3-BF4B-00C04F79EFBC}") = "ControlEvents", "ControlEvents\ControlEvents.csproj", "{3BD972F5-7841-4DEF-9C23-656EC19D3111}"
EndProject
Project("{FAE04EC0-301F-11D3-BF4B-00C04F79EFBC}") = "StringMetodlar", "StringMetodlar\StringMetodlar.csproj", "{B82BD257-9B05-4F65-8175-8200DB2FA1FD}"
EndProject
Project("{FAE04EC0-301F-11D3-BF4B-00C04F79EFBC}") = "DatetimeMetodlar", "DatetimeMetodlar\DatetimeMetodlar.csproj", "{2AA7B52B-F199-4013-85B6-B58FD471A89D}"
EndProject
Global
	GlobalSection(SolutionConfigurationPlatforms) = preSolution
		Debug|Any CPU = Debug|Any CPU
		Release|Any CPU = Release|Any CPU
	EndGlobalSection
	GlobalSection(ProjectConfigurationPlatforms) = postSolution
		{AD57BA9A-704E-408C-BF0F-CB0049A0CB75}.Debug|Any CPU.ActiveCfg = Debug|Any CPU
		{AD57BA9A-704E-408C-BF0F-CB0049A0CB75}.Debug|Any CPU.Build.0 = Debug|Any CPU
		{AD57BA9A-704E-408C-BF0F-CB0049A0CB75}.Release|Any CPU.ActiveCfg = Release|Any CPU
		{AD57BA9A-704E-408C-BF0F-CB0049A0CB75}.Release|Any CPU.Build.0 = Release|Any CPU
		{65059AC7-47AC-4CF9-A290-4DC50279D8E0}.Debug|Any CPU.ActiveCfg = Debug|Any CPU
		{65059AC7-47AC-4CF9-A290-4DC50279D8E0}.Debug|Any CPU.Build.0 = Debug|Any CPU
		{65059AC7-47AC-4CF9-A290-4DC50279D8E0}.Release|Any CPU.ActiveCfg = Release|Any CPU
		{65059AC7-47AC-4CF9-A290-4DC50279D8E0}.Release|Any CPU.Build.0 = Release|Any CPU
		{2BF739CF-7BE7-46EF-8291-642480691B4F}.Debug|Any CPU.ActiveCfg = Debug|Any CPU
		{2BF739CF-7BE7-46EF-8291-642480691B4F}.Debug|Any CPU.Build.0 = Debug|Any CPU
		{2BF739CF-7BE7-46EF-8291-642480691B4F}.Release|Any CPU.ActiveCfg = Release|Any CPU
		{2BF739CF-7BE7-46EF-8291-642480691B4F}.Release|Any CPU.Build.0 = Release|Any CPU
		{00B9B55F-2541-4BD1-A7AE-77943C7D6E54}.Debug|Any CPU.ActiveCfg = Debug|Any CPU
		{00B9B55F-2541-4BD1-A7AE-77943C7D6E54}.Debug|Any CPU.Build.0 = Debug|Any CPU
		{00B9B55F-2541-4BD1-A7AE-77943C7D6E54}.Release|Any CPU.ActiveCfg = Release|Any CPU
		{00B9B55F-2541-4BD1-A7AE-77943C7D6E54}.Release|Any CPU.Build.0 = Release|Any CPU
		{9D195705-53FB-4C6F-9995-A65F4E78786F}.Debug|Any CPU.ActiveCfg = Debug|Any CPU
		{9D195705-53FB-4C6F-9995-A65F4E78786F}.Debug|Any CPU.Build.0 = Debug|Any CPU
		{9D195705-53FB-4C6F-9995-A65F4E78786F}.Release|Any CPU.ActiveCfg = Release|Any CPU
		{9D195705-53FB-4C6F-9995-A65F4E78786F}.Release|Any CPU.Build.0 = Release|Any CPU
		{1D6A579D-58BF-4E2A-85BD-2939FC426AFD}.Debug|Any CPU.ActiveCfg = Debug|Any CPU
		{1D6A579D-58BF-4E2A-85BD-2939FC426AFD}.Debug|Any CPU.Build.0 = Debug|Any CPU
		{1D6A579D-58BF-4E2A-85BD-2939FC426AFD}.Release|Any CPU.ActiveCfg = Release|Any CPU
		{1D6A579D-58BF-4E2A-85BD-2939FC426AFD}.Release|Any CPU.Build.0 = Release|Any CPU
		{4BC9E5CD-C1B5-4B9F-B114-A5BF15B6F68E}.Debug|Any CPU.ActiveCfg = Debug|Any CPU
		{4BC9E5CD-C1B5-4B9F-B114-A5BF15B6F68E}.Debug|Any CPU.Build.0 = Debug|Any CPU
		{4BC9E5CD-C1B5-4B9F-B114-A5BF15B6F68E}.Release|Any CPU.ActiveCfg = Release|Any CPU
		{4BC9E5CD-C1B5-4B9F-B114-A5BF15B6F68E}.Release|Any CPU.Build.0 = Release|Any CPU
		{A59013BF-656B-4CB3-BD73-FC342847CDF4}.Debug|Any CPU.ActiveCfg = Debug|Any CPU
		{A59013BF-656B-4CB3-BD73-FC342847CDF4}.Debug|Any CPU.Build.0 = Debug|Any CPU
		{A59013BF-656B-4CB3-BD73-FC342847CDF4}.Release|Any CPU.ActiveCfg = Release|Any CPU
		{A59013BF-656B-4CB3-BD73-FC342847CDF4}.Release|Any CPU.Build.0 = Release|Any CPU
		{7F9858FC-24D7-4BC4-8449-ACA2D0634192}.Debug|Any CPU.ActiveCfg = Debug|Any CPU
		{7F9858FC-24D7-4BC4-8449-ACA2D0634192}.Debug|Any CPU.Build.0 = Debug|Any CPU
		{7F9858FC-24D7-4BC4-8449-ACA2D0634192}.Release|Any CPU.ActiveCfg = Release|Any CPU
		{7F9858FC-24D7-4BC4-8449-ACA2D0634192}.Release|Any CPU.Build.0 = Release|Any CPU
		{EA548F3C-F648-4A11-A093-229ED58F2528}.Debug|Any CPU.ActiveCfg = Debug|Any CPU
		{EA548F3C-F648-4A11-A093-229ED58F2528}.Debug|Any CPU.Build.0 = Debug|Any CPU
		{EA548F3C-F648-4A11-A093-229ED58F2528}.Release|Any CPU.ActiveCfg = Release|Any CPU
		{EA548F3C-F648-4A11-A093-229ED58F2528}.Release|Any CPU.Build.0 = Release|Any CPU
		{4FB6AA37-2EF9-4407-8215-106537AC8ABA}.Debug|Any CPU.ActiveCfg = Debug|Any CPU
		{4FB6AA37-2EF9-4407-8215-106537AC8ABA}.Debug|Any CPU.Build.0 = Debug|Any CPU
		{4FB6AA37-2EF9-4407-8215-106537AC8ABA}.Release|Any CPU.ActiveCfg = Release|Any CPU
		{4FB6AA37-2EF9-4407-8215-106537AC8ABA}.Release|Any CPU.Build.0 = Release|Any CPU
		{66BBD8CF-A2B8-4E2F-A7A1-1861B4DA8189}.Debug|Any CPU.ActiveCfg = Debug|Any CPU
		{66BBD8CF-A2B8-4E2F-A7A1-1861B4DA8189}.Debug|Any CPU.Build.0 = Debug|Any CPU
		{66BBD8CF-A2B8-4E2F-A7A1-1861B4DA8189}.Release|Any CPU.ActiveCfg = Release|Any CPU
		{66BBD8CF-A2B8-4E2F-A7A1-1861B4DA8189}.Release|Any CPU.Build.0 = Release|Any CPU
		{2BCA60BA-C48B-4B83-9AA1-77DABCCD3BA4}.Debug|Any CPU.ActiveCfg = Debug|Any CPU
		{2BCA60BA-C48B-4B83-9AA1-77DABCCD3BA4}.Debug|Any CPU.Build.0 = Debug|Any CPU
		{2BCA60BA-C48B-4B83-9AA1-77DABCCD3BA4}.Release|Any CPU.ActiveCfg = Release|Any CPU
		{2BCA60BA-C48B-4B83-9AA1-77DABCCD3BA4}.Release|Any CPU.Build.0 = Release|Any CPU
		{BD668702-4875-4307-AE9C-F4BEE84D9119}.Debug|Any CPU.ActiveCfg = Debug|Any CPU
		{BD668702-4875-4307-AE9C-F4BEE84D9119}.Debug|Any CPU.Build.0 = Debug|Any CPU
		{BD668702-4875-4307-AE9C-F4BEE84D9119}.Release|Any CPU.ActiveCfg = Release|Any CPU
		{BD668702-4875-4307-AE9C-F4BEE84D9119}.Release|Any CPU.Build.0 = Release|Any CPU
		{10A253EB-573B-40F4-B082-5FB5C6D5846B}.Debug|Any CPU.ActiveCfg = Debug|Any CPU
		{10A253EB-573B-40F4-B082-5FB5C6D5846B}.Debug|Any CPU.Build.0 = Debug|Any CPU
		{10A253EB-573B-40F4-B082-5FB5C6D5846B}.Release|Any CPU.ActiveCfg = Release|Any CPU
		{10A253EB-573B-40F4-B082-5FB5C6D5846B}.Release|Any CPU.Build.0 = Release|Any CPU
		{3BD972F5-7841-4DEF-9C23-656EC19D3111}.Debug|Any CPU.ActiveCfg = Debug|Any CPU
		{3BD972F5-7841-4DEF-9C23-656EC19D3111}.Debug|Any CPU.Build.0 = Debug|Any CPU
		{3BD972F5-7841-4DEF-9C23-656EC19D3111}.Release|Any CPU.ActiveCfg = Release|Any CPU
		{3BD972F5-7841-4DEF-9C23-656EC19D3111}.Release|Any CPU.Build.0 = Release|Any CPU
		{B82BD257-9B05-4F65-8175-8200DB2FA1FD}.Debug|Any CPU.ActiveCfg = Debug|Any CPU
		{B82BD257-9B05-4F65-8175-8200DB2FA1FD}.Debug|Any CPU.Build.0 = Debug|Any CPU
		{B82BD257-9B05-4F65-8175-8200DB2FA1FD}.Release|Any CPU.ActiveCfg = Release|Any CPU
		{B82BD257-9B05-4F65-8175-8200DB2FA1FD}.Release|Any CPU.Build.0 = Release|Any CPU
		{2AA7B52B-F199-4013-85B6-B58FD471A89D}.Debug|Any CPU.ActiveCfg = Debug|Any CPU
		{2AA7B52B-F199-4013-85B6-B58FD471A89D}.Debug|Any CPU.Build.0 = Debug|Any CPU
		{2AA7B52B-F199-4013-85B6-B58FD471A89D}.Release|Any CPU.ActiveCfg = Release|Any CPU
		{2AA7B52B-F199-4013-85B6-B58FD471A89D}.Release|Any CPU.Build.0 = Release|Any CPU
	EndGlobalSection
	GlobalSection(SolutionProperties) = preSolution
		HideSolutionNode = FALSE
	EndGlobalSection
	GlobalSection(ExtensibilityGlobals) = postSolution
		SolutionGuid = {F4025526-A702-4D9D-80A2-7F61154D3D9B}
	EndGlobalSection
EndGlobal
