
Microsoft Visual Studio Solution File, Format Version 12.00
# Visual Studio Version 16
VisualStudioVersion = 16.0.31005.135
MinimumVisualStudioVersion = 10.0.40219.1
Project("{FAE04EC0-301F-11D3-BF4B-00C04F79EFBC}") = "CSharpÖDEV", "CSharpÖDEV\CSharpÖDEV.csproj", "{0C167F5A-B1DA-4C1F-B94C-B06C4148EAE8}"
EndProject
Global
	GlobalSection(SolutionConfigurationPlatforms) = preSolution
		Debug|Any CPU = Debug|Any CPU
		Release|Any CPU = Release|Any CPU
	EndGlobalSection
	GlobalSection(ProjectConfigurationPlatforms) = postSolution
		{0C167F5A-B1DA-4C1F-B94C-B06C4148EAE8}.Debug|Any CPU.ActiveCfg = Debug|Any CPU
		{0C167F5A-B1DA-4C1F-B94C-B06C4148EAE8}.Debug|Any CPU.Build.0 = Debug|Any CPU
		{0C167F5A-B1DA-4C1F-B94C-B06C4148EAE8}.Release|Any CPU.ActiveCfg = Release|Any CPU
		{0C167F5A-B1DA-4C1F-B94C-B06C4148EAE8}.Release|Any CPU.Build.0 = Release|Any CPU
	EndGlobalSection
	GlobalSection(SolutionProperties) = preSolution
		HideSolutionNode = FALSE
	EndGlobalSection
	GlobalSection(ExtensibilityGlobals) = postSolution
		SolutionGuid = {3CA14564-7461-4485-ABFC-17B085A1E1DC}
	EndGlobalSection
EndGlobal
