
Microsoft Visual Studio Solution File, Format Version 12.00
# Visual Studio Version 16
VisualStudioVersion = 16.0.31205.134
MinimumVisualStudioVersion = 10.0.40219.1
Project("{FAE04EC0-301F-11D3-BF4B-00C04F79EFBC}") = "BasamakSayisiBulma", "BasamakSayisiBulma\BasamakSayisiBulma.csproj", "{B4C6D430-2168-4186-A4AE-64314B9F3720}"
EndProject
Global
	GlobalSection(SolutionConfigurationPlatforms) = preSolution
		Debug|Any CPU = Debug|Any CPU
		Release|Any CPU = Release|Any CPU
	EndGlobalSection
	GlobalSection(ProjectConfigurationPlatforms) = postSolution
		{B4C6D430-2168-4186-A4AE-64314B9F3720}.Debug|Any CPU.ActiveCfg = Debug|Any CPU
		{B4C6D430-2168-4186-A4AE-64314B9F3720}.Debug|Any CPU.Build.0 = Debug|Any CPU
		{B4C6D430-2168-4186-A4AE-64314B9F3720}.Release|Any CPU.ActiveCfg = Release|Any CPU
		{B4C6D430-2168-4186-A4AE-64314B9F3720}.Release|Any CPU.Build.0 = Release|Any CPU
	EndGlobalSection
	GlobalSection(SolutionProperties) = preSolution
		HideSolutionNode = FALSE
	EndGlobalSection
	GlobalSection(ExtensibilityGlobals) = postSolution
		SolutionGuid = {90B1002C-C6B1-4EF6-9D5A-82DFCE3D3B7F}
	EndGlobalSection
EndGlobal
